# This file is autogenerated, do not edit; changes may be undone by the next 'dep ensure'.


[[projects]]
  digest = "1:58f7689e3ed9aaf27be177e0299d592ab36aa2a4d2682de23289ccfc56dfaaf8"
  name = "github.com/gonuts/commander"
  packages = ["."]
  pruneopts = "UT"
  revision = "955fa4ba0a899b467600f019137703a3c0143d61"
  version = "v0.1.0"

[[projects]]
  digest = "1:7ac1c6ddcaf5f50d3e61f42ad531e729d32d6030669aada5779294461fc0cf8f"
  name = "github.com/gonuts/flag"
  packages = ["."]
  pruneopts = "UT"
  revision = "f059e6d772960acfe5453685ed3df730885789b6"
  version = "v0.1.0"

[[projects]]
  digest = "1:ca59b1175189b3f0e9f1793d2c350114be36eaabbe5b9f554b35edee1de50aea"
  name = "github.com/gorilla/mux"
  packages = ["."]
  pruneopts = "UT"
  revision = "a7962380ca08b5a188038c69871b8d3fbdf31e89"
  version = "v1.7.0"

[[projects]]
  digest = "1:4d2e5a73dc1500038e504a8d78b986630e3626dc027bc030ba5c75da257cdb96"
  name = "gopkg.in/yaml.v2"
  packages = ["."]
  pruneopts = "UT"
  revision = "51d6538a90f86fe93ac480b35f37b2be17fef232"
  version = "v2.2.2"

[solve-meta]
  analyzer-name = "dep"
  analyzer-version = 1
  input-imports = [
    "github.com/gonuts/commander",
    "github.com/gonuts/flag",
    "github.com/gorilla/mux",
    "gopkg.in/yaml.v2",
  ]
  solver-name = "gps-cdcl"
  solver-version = 1
